PODS:
  - AudioKit (4.11.2):
    - AudioKit/Core (= 4.11.2)
    - AudioKit/UI (= 4.11.2)
  - AudioKit/Core (4.11.2)
  - AudioKit/UI (4.11.2):
    - AudioKit/Core
  - Flutter (1.0.0)
  - shared_preferences_foundation (0.0.1):
    - Flutter
    - FlutterMacOS
  - sound_generator (0.0.1):
    - AudioKit
    - Flutter

DEPENDENCIES:
  - Flutter (from `Flutter`)
  - shared_preferences_foundation (from `.symlinks/plugins/shared_preferences_foundation/darwin`)
  - sound_generator (from `.symlinks/plugins/sound_generator/ios`)

SPEC REPOS:
  trunk:
    - AudioKit

EXTERNAL SOURCES:
  Flutter:
    :path: Flutter
  shared_preferences_foundation:
    :path: ".symlinks/plugins/shared_preferences_foundation/darwin"
  sound_generator:
    :path: ".symlinks/plugins/sound_generator/ios"

SPEC CHECKSUMS:
  AudioKit: 57cc61d708f085763a031e5c3f87adae21dc4b59
  Flutter: e0871f40cf51350855a761d2e70bf5af5b9b5de7
  shared_preferences_foundation: 9e1978ff2562383bd5676f64ec4e9aa8fa06a6f7
  sound_generator: b71adc771c2c4cc0d0d320b00210665f2006c2f1

PODFILE CHECKSUM: cc1f88378b4bfcf93a6ce00d2c587857c6008d3b

COCOAPODS: 1.16.2
